
Microsoft Visual Studio Solution File, Format Version 12.00
# Visual Studio 15
VisualStudioVersion = 15.0.27004.2010
MinimumVisualStudioVersion = 10.0.40219.1
Project("{FAE04EC0-301F-11D3-BF4B-00C04F79EFBC}") = "MovieApi", "MovieApi\MovieApi.csproj", "{45E42F67-A153-4B67-A352-880530E3D83F}"
EndProject
Project("{FAE04EC0-301F-11D3-BF4B-00C04F79EFBC}") = "Comcast.DataBase", "Comcast.DataBase\Comcast.DataBase.csproj", "{4513C298-F134-4880-AD5C-5C37C3B354EC}"
EndProject
Project("{FAE04EC0-301F-11D3-BF4B-00C04F79EFBC}") = "MovieApi.Tests", "MovieApi.Tests\MovieApi.Tests.csproj", "{8F815148-D2EC-43F3-BAB4-DB2A414E9780}"
EndProject
Global
	GlobalSection(SolutionConfigurationPlatforms) = preSolution
		Debug|Any CPU = Debug|Any CPU
		Release|Any CPU = Release|Any CPU
	EndGlobalSection
	GlobalSection(ProjectConfigurationPlatforms) = postSolution
		{45E42F67-A153-4B67-A352-880530E3D83F}.Debug|Any CPU.ActiveCfg = Debug|Any CPU
		{45E42F67-A153-4B67-A352-880530E3D83F}.Debug|Any CPU.Build.0 = Debug|Any CPU
		{45E42F67-A153-4B67-A352-880530E3D83F}.Release|Any CPU.ActiveCfg = Release|Any CPU
		{45E42F67-A153-4B67-A352-880530E3D83F}.Release|Any CPU.Build.0 = Release|Any CPU
		{4513C298-F134-4880-AD5C-5C37C3B354EC}.Debug|Any CPU.ActiveCfg = Debug|Any CPU
		{4513C298-F134-4880-AD5C-5C37C3B354EC}.Debug|Any CPU.Build.0 = Debug|Any CPU
		{4513C298-F134-4880-AD5C-5C37C3B354EC}.Release|Any CPU.ActiveCfg = Release|Any CPU
		{4513C298-F134-4880-AD5C-5C37C3B354EC}.Release|Any CPU.Build.0 = Release|Any CPU
		{8F815148-D2EC-43F3-BAB4-DB2A414E9780}.Debug|Any CPU.ActiveCfg = Debug|Any CPU
		{8F815148-D2EC-43F3-BAB4-DB2A414E9780}.Debug|Any CPU.Build.0 = Debug|Any CPU
		{8F815148-D2EC-43F3-BAB4-DB2A414E9780}.Release|Any CPU.ActiveCfg = Release|Any CPU
		{8F815148-D2EC-43F3-BAB4-DB2A414E9780}.Release|Any CPU.Build.0 = Release|Any CPU
	EndGlobalSection
	GlobalSection(SolutionProperties) = preSolution
		HideSolutionNode = FALSE
	EndGlobalSection
	GlobalSection(ExtensibilityGlobals) = postSolution
		SolutionGuid = {F278434F-F3FC-48BE-BD69-2C7F884B814D}
	EndGlobalSection
EndGlobal
